
Microsoft Visual Studio Solution File, Format Version 12.00
# Visual Studio Version 16
VisualStudioVersion = 16.0.31911.196
MinimumVisualStudioVersion = 10.0.40219.1
Project("{9A19103F-16F7-4668-BE54-9A1E7A4F7556}") = "EMGUProducer", "CSharpAppProducerEMGU\EMGUProducer.csproj", "{44282508-FED7-4795-BD1A-D1A2C22CE9C0}"
EndProject
Project("{9A19103F-16F7-4668-BE54-9A1E7A4F7556}") = "OpenCVSharpProducer", "CSharpAppProducerOpenCVSharp\OpenCVSharpProducer.csproj", "{4121E0A9-939C-4BC3-9B78-A9E73C7A82E7}"
EndProject
Global
	GlobalSection(SolutionConfigurationPlatforms) = preSolution
		Debug|Any CPU = Debug|Any CPU
		Release|Any CPU = Release|Any CPU
	EndGlobalSection
	GlobalSection(ProjectConfigurationPlatforms) = postSolution
		{44282508-FED7-4795-BD1A-D1A2C22CE9C0}.Debug|Any CPU.ActiveCfg = Debug|Any CPU
		{44282508-FED7-4795-BD1A-D1A2C22CE9C0}.Debug|Any CPU.Build.0 = Debug|Any CPU
		{44282508-FED7-4795-BD1A-D1A2C22CE9C0}.Release|Any CPU.ActiveCfg = Release|Any CPU
		{44282508-FED7-4795-BD1A-D1A2C22CE9C0}.Release|Any CPU.Build.0 = Release|Any CPU
		{4121E0A9-939C-4BC3-9B78-A9E73C7A82E7}.Debug|Any CPU.ActiveCfg = Debug|Any CPU
		{4121E0A9-939C-4BC3-9B78-A9E73C7A82E7}.Debug|Any CPU.Build.0 = Debug|Any CPU
		{4121E0A9-939C-4BC3-9B78-A9E73C7A82E7}.Release|Any CPU.ActiveCfg = Release|Any CPU
		{4121E0A9-939C-4BC3-9B78-A9E73C7A82E7}.Release|Any CPU.Build.0 = Release|Any CPU
	EndGlobalSection
	GlobalSection(SolutionProperties) = preSolution
		HideSolutionNode = FALSE
	EndGlobalSection
	GlobalSection(ExtensibilityGlobals) = postSolution
		SolutionGuid = {A13A4631-C9A1-45D1-96C2-D8558495B356}
	EndGlobalSection
EndGlobal
